
Microsoft Visual Studio Solution File, Format Version 10.00
# Visual Studio 2008
Project("{FAE04EC0-301F-11D3-BF4B-00C04F79EFBC}") = "ConfigFTP", "ConfigFTP\ConfigFTP.csproj", "{5D21F908-4FAD-4342-B11A-67A8DE2C60CE}"
EndProject
Global
	GlobalSection(SolutionConfigurationPlatforms) = preSolution
		Debug|Any CPU = Debug|Any CPU
		Release|Any CPU = Release|Any CPU
	EndGlobalSection
	GlobalSection(ProjectConfigurationPlatforms) = postSolution
		{5D21F908-4FAD-4342-B11A-67A8DE2C60CE}.Debug|Any CPU.ActiveCfg = Debug|Any CPU
		{5D21F908-4FAD-4342-B11A-67A8DE2C60CE}.Debug|Any CPU.Build.0 = Debug|Any CPU
		{5D21F908-4FAD-4342-B11A-67A8DE2C60CE}.Release|Any CPU.ActiveCfg = Release|Any CPU
		{5D21F908-4FAD-4342-B11A-67A8DE2C60CE}.Release|Any CPU.Build.0 = Release|Any CPU
	EndGlobalSection
	GlobalSection(SolutionProperties) = preSolution
		HideSolutionNode = FALSE
	EndGlobalSection
EndGlobal
